
Microsoft Visual Studio Solution File, Format Version 12.00
# Visual Studio 15
VisualStudioVersion = 15.0.27130.0
MinimumVisualStudioVersion = 10.0.40219.1
Project("{9A19103F-16F7-4668-BE54-9A1E7A4F7556}") = "MyAspNetCoreApp", "MyAspNetCoreApp.csproj", "{B0A0240E-2242-4838-9099-D40F02836771}"
EndProject
Global
	GlobalSection(SolutionConfigurationPlatforms) = preSolution
		Debug|Any CPU = Debug|Any CPU
		Release|Any CPU = Release|Any CPU
	EndGlobalSection
	GlobalSection(ProjectConfigurationPlatforms) = postSolution
		{B0A0240E-2242-4838-9099-D40F02836771}.Debug|Any CPU.ActiveCfg = Debug|Any CPU
		{B0A0240E-2242-4838-9099-D40F02836771}.Debug|Any CPU.Build.0 = Debug|Any CPU
		{B0A0240E-2242-4838-9099-D40F02836771}.Release|Any CPU.ActiveCfg = Release|Any CPU
		{B0A0240E-2242-4838-9099-D40F02836771}.Release|Any CPU.Build.0 = Release|Any CPU
	EndGlobalSection
	GlobalSection(SolutionProperties) = preSolution
		HideSolutionNode = FALSE
	EndGlobalSection
	GlobalSection(ExtensibilityGlobals) = postSolution
		SolutionGuid = {24F107DD-1363-452C-989C-8C2334A6E584}
	EndGlobalSection
EndGlobal
